
Microsoft Visual Studio Solution File, Format Version 12.00
# Visual Studio Version 16
VisualStudioVersion = 16.6.30114.105
MinimumVisualStudioVersion = 10.0.40219.1
Project("{FAE04EC0-301F-11D3-BF4B-00C04F79EFBC}") = "PizzaBox.Client", "PizzaBox.Client\PizzaBox.Client.csproj", "{936D46AA-6D41-4C03-9E86-E870D2C6F2D5}"
EndProject
Project("{FAE04EC0-301F-11D3-BF4B-00C04F79EFBC}") = "PizzaBox.Domain", "PizzaBox.Domain\PizzaBox.Domain.csproj", "{A99552C9-9CF6-4CCD-89AD-B89200CFC042}"
EndProject
Project("{FAE04EC0-301F-11D3-BF4B-00C04F79EFBC}") = "PizzaBox.Testing", "PizzaBox.Testing\PizzaBox.Testing.csproj", "{ACBA5D17-FDF1-4DD3-953A-3D11770D971E}"
EndProject
Project("{FAE04EC0-301F-11D3-BF4B-00C04F79EFBC}") = "PizzaBox.Storing", "PizzaBox.Storing\PizzaBox.Storing.csproj", "{2DB32DFE-D49A-4A6D-8FCE-9971ECCEC290}"
EndProject
Global
	GlobalSection(SolutionConfigurationPlatforms) = preSolution
		Debug|Any CPU = Debug|Any CPU
		Debug|x64 = Debug|x64
		Debug|x86 = Debug|x86
		Release|Any CPU = Release|Any CPU
		Release|x64 = Release|x64
		Release|x86 = Release|x86
	EndGlobalSection
	GlobalSection(SolutionProperties) = preSolution
		HideSolutionNode = FALSE
	EndGlobalSection
	GlobalSection(ProjectConfigurationPlatforms) = postSolution
		{936D46AA-6D41-4C03-9E86-E870D2C6F2D5}.Debug|Any CPU.ActiveCfg = Debug|Any CPU
		{936D46AA-6D41-4C03-9E86-E870D2C6F2D5}.Debug|Any CPU.Build.0 = Debug|Any CPU
		{936D46AA-6D41-4C03-9E86-E870D2C6F2D5}.Debug|x64.ActiveCfg = Debug|Any CPU
		{936D46AA-6D41-4C03-9E86-E870D2C6F2D5}.Debug|x64.Build.0 = Debug|Any CPU
		{936D46AA-6D41-4C03-9E86-E870D2C6F2D5}.Debug|x86.ActiveCfg = Debug|Any CPU
		{936D46AA-6D41-4C03-9E86-E870D2C6F2D5}.Debug|x86.Build.0 = Debug|Any CPU
		{936D46AA-6D41-4C03-9E86-E870D2C6F2D5}.Release|Any CPU.ActiveCfg = Release|Any CPU
		{936D46AA-6D41-4C03-9E86-E870D2C6F2D5}.Release|Any CPU.Build.0 = Release|Any CPU
		{936D46AA-6D41-4C03-9E86-E870D2C6F2D5}.Release|x64.ActiveCfg = Release|Any CPU
		{936D46AA-6D41-4C03-9E86-E870D2C6F2D5}.Release|x64.Build.0 = Release|Any CPU
		{936D46AA-6D41-4C03-9E86-E870D2C6F2D5}.Release|x86.ActiveCfg = Release|Any CPU
		{936D46AA-6D41-4C03-9E86-E870D2C6F2D5}.Release|x86.Build.0 = Release|Any CPU
		{A99552C9-9CF6-4CCD-89AD-B89200CFC042}.Debug|Any CPU.ActiveCfg = Debug|Any CPU
		{A99552C9-9CF6-4CCD-89AD-B89200CFC042}.Debug|Any CPU.Build.0 = Debug|Any CPU
		{A99552C9-9CF6-4CCD-89AD-B89200CFC042}.Debug|x64.ActiveCfg = Debug|Any CPU
		{A99552C9-9CF6-4CCD-89AD-B89200CFC042}.Debug|x64.Build.0 = Debug|Any CPU
		{A99552C9-9CF6-4CCD-89AD-B89200CFC042}.Debug|x86.ActiveCfg = Debug|Any CPU
		{A99552C9-9CF6-4CCD-89AD-B89200CFC042}.Debug|x86.Build.0 = Debug|Any CPU
		{A99552C9-9CF6-4CCD-89AD-B89200CFC042}.Release|Any CPU.ActiveCfg = Release|Any CPU
		{A99552C9-9CF6-4CCD-89AD-B89200CFC042}.Release|Any CPU.Build.0 = Release|Any CPU
		{A99552C9-9CF6-4CCD-89AD-B89200CFC042}.Release|x64.ActiveCfg = Release|Any CPU
		{A99552C9-9CF6-4CCD-89AD-B89200CFC042}.Release|x64.Build.0 = Release|Any CPU
		{A99552C9-9CF6-4CCD-89AD-B89200CFC042}.Release|x86.ActiveCfg = Release|Any CPU
		{A99552C9-9CF6-4CCD-89AD-B89200CFC042}.Release|x86.Build.0 = Release|Any CPU
		{ACBA5D17-FDF1-4DD3-953A-3D11770D971E}.Debug|Any CPU.ActiveCfg = Debug|Any CPU
		{ACBA5D17-FDF1-4DD3-953A-3D11770D971E}.Debug|Any CPU.Build.0 = Debug|Any CPU
		{ACBA5D17-FDF1-4DD3-953A-3D11770D971E}.Debug|x64.ActiveCfg = Debug|Any CPU
		{ACBA5D17-FDF1-4DD3-953A-3D11770D971E}.Debug|x64.Build.0 = Debug|Any CPU
		{ACBA5D17-FDF1-4DD3-953A-3D11770D971E}.Debug|x86.ActiveCfg = Debug|Any CPU
		{ACBA5D17-FDF1-4DD3-953A-3D11770D971E}.Debug|x86.Build.0 = Debug|Any CPU
		{ACBA5D17-FDF1-4DD3-953A-3D11770D971E}.Release|Any CPU.ActiveCfg = Release|Any CPU
		{ACBA5D17-FDF1-4DD3-953A-3D11770D971E}.Release|Any CPU.Build.0 = Release|Any CPU
		{ACBA5D17-FDF1-4DD3-953A-3D11770D971E}.Release|x64.ActiveCfg = Release|Any CPU
		{ACBA5D17-FDF1-4DD3-953A-3D11770D971E}.Release|x64.Build.0 = Release|Any CPU
		{ACBA5D17-FDF1-4DD3-953A-3D11770D971E}.Release|x86.ActiveCfg = Release|Any CPU
		{ACBA5D17-FDF1-4DD3-953A-3D11770D971E}.Release|x86.Build.0 = Release|Any CPU
		{2DB32DFE-D49A-4A6D-8FCE-9971ECCEC290}.Debug|Any CPU.ActiveCfg = Debug|Any CPU
		{2DB32DFE-D49A-4A6D-8FCE-9971ECCEC290}.Debug|Any CPU.Build.0 = Debug|Any CPU
		{2DB32DFE-D49A-4A6D-8FCE-9971ECCEC290}.Debug|x64.ActiveCfg = Debug|Any CPU
		{2DB32DFE-D49A-4A6D-8FCE-9971ECCEC290}.Debug|x64.Build.0 = Debug|Any CPU
		{2DB32DFE-D49A-4A6D-8FCE-9971ECCEC290}.Debug|x86.ActiveCfg = Debug|Any CPU
		{2DB32DFE-D49A-4A6D-8FCE-9971ECCEC290}.Debug|x86.Build.0 = Debug|Any CPU
		{2DB32DFE-D49A-4A6D-8FCE-9971ECCEC290}.Release|Any CPU.ActiveCfg = Release|Any CPU
		{2DB32DFE-D49A-4A6D-8FCE-9971ECCEC290}.Release|Any CPU.Build.0 = Release|Any CPU
		{2DB32DFE-D49A-4A6D-8FCE-9971ECCEC290}.Release|x64.ActiveCfg = Release|Any CPU
		{2DB32DFE-D49A-4A6D-8FCE-9971ECCEC290}.Release|x64.Build.0 = Release|Any CPU
		{2DB32DFE-D49A-4A6D-8FCE-9971ECCEC290}.Release|x86.ActiveCfg = Release|Any CPU
		{2DB32DFE-D49A-4A6D-8FCE-9971ECCEC290}.Release|x86.Build.0 = Release|Any CPU
	EndGlobalSection
EndGlobal
